
Microsoft Visual Studio Solution File, Format Version 12.00
Project("{FAE04EC0-301F-11D3-BF4B-00C04F79EFBC}") = "Samples.UserManagement.Api", "Samples.UserManagement.Api\Samples.UserManagement.Api.csproj", "{6042E56E-2D25-4E9E-A4CC-64DA1AAE9B75}"
EndProject
Project("{FAE04EC0-301F-11D3-BF4B-00C04F79EFBC}") = "Samples.Tests", "Samples.Tests\Samples.Tests.csproj", "{7509605F-7DEE-44A8-BD4E-340AB4636F09}"
EndProject
Global
	GlobalSection(SolutionConfigurationPlatforms) = preSolution
		Debug|Any CPU = Debug|Any CPU
		Release|Any CPU = Release|Any CPU
	EndGlobalSection
	GlobalSection(ProjectConfigurationPlatforms) = postSolution
		{6042E56E-2D25-4E9E-A4CC-64DA1AAE9B75}.Debug|Any CPU.ActiveCfg = Debug|Any CPU
		{6042E56E-2D25-4E9E-A4CC-64DA1AAE9B75}.Debug|Any CPU.Build.0 = Debug|Any CPU
		{6042E56E-2D25-4E9E-A4CC-64DA1AAE9B75}.Release|Any CPU.ActiveCfg = Release|Any CPU
		{6042E56E-2D25-4E9E-A4CC-64DA1AAE9B75}.Release|Any CPU.Build.0 = Release|Any CPU
		{7509605F-7DEE-44A8-BD4E-340AB4636F09}.Debug|Any CPU.ActiveCfg = Debug|Any CPU
		{7509605F-7DEE-44A8-BD4E-340AB4636F09}.Debug|Any CPU.Build.0 = Debug|Any CPU
		{7509605F-7DEE-44A8-BD4E-340AB4636F09}.Release|Any CPU.ActiveCfg = Release|Any CPU
		{7509605F-7DEE-44A8-BD4E-340AB4636F09}.Release|Any CPU.Build.0 = Release|Any CPU
	EndGlobalSection
EndGlobal
